{
  "version": 4,
  "terraform_version": "1.14.3",
  "serial": 324,
  "lineage": "840a9961-154c-c943-4e25-90d8dc63cdd6",
  "outputs": {
    "azs": {
      "value": [
        "eu-west-3a",
        "eu-west-3b"
      ],
      "type": [
        "list",
        "string"
      ]
    },
    "database_subnet_group": {
      "value": "wp-rds-rds-private-subnets-c656a2c9",
      "type": "string"
    },
    "ebs_attachment_device_name": {
      "value": "/dev/xvdf",
      "type": "string"
    },
    "ebs_volume_id": {
      "value": "vol-0bc7994cac49ab97b",
      "type": "string"
    },
    "ec2_availability_zone": {
      "value": "eu-west-3a",
      "type": "string"
    },
    "ec2_instance_id": {
      "value": "i-0f7184eae5d9633a6",
      "type": "string"
    },
    "ec2_public_dns": {
      "value": "ec2-13-38-71-113.eu-west-3.compute.amazonaws.com",
      "type": "string"
    },
    "ec2_public_ip": {
      "value": "13.38.71.113",
      "type": "string"
    },
    "igw_id": {
      "value": "igw-0f703bf0925962a9a",
      "type": "string"
    },
    "natgw_ids": {
      "value": [
        "nat-061387b9497c6f187"
      ],
      "type": [
        "tuple",
        [
          "string"
        ]
      ]
    },
    "private_route_table_ids": {
      "value": [
        "rtb-0a4bf6aa5bf418910"
      ],
      "type": [
        "tuple",
        [
          "string"
        ]
      ]
    },
    "private_subnets": {
      "value": [
        "subnet-0eefbda69f5689425",
        "subnet-02affe485436677d0"
      ],
      "type": [
        "tuple",
        [
          "string",
          "string"
        ]
      ]
    },
    "public_route_table_ids": {
      "value": [
        "rtb-0f6710899379bd114"
      ],
      "type": [
        "tuple",
        [
          "string"
        ]
      ]
    },
    "public_subnets": {
      "value": [
        "subnet-0ffb2d39c87508b28",
        "subnet-03da5e4af1831a039"
      ],
      "type": [
        "tuple",
        [
          "string",
          "string"
        ]
      ]
    },
    "rds_arn": {
      "value": "arn:aws:rds:eu-west-3:489575506572:db:wp-rds-mysql",
      "type": "string"
    },
    "rds_db_name": {
      "value": "wordpress",
      "type": "string"
    },
    "rds_db_password": {
      "value": "7BswDI#d%!NV*R%bS0mcZm3G",
      "type": "string",
      "sensitive": true
    },
    "rds_db_username": {
      "value": "wpuser",
      "type": "string"
    },
    "rds_endpoint": {
      "value": "wp-rds-mysql.clym88igatyf.eu-west-3.rds.amazonaws.com",
      "type": "string"
    },
    "rds_identifier": {
      "value": "db-PJBSGQ7UK5WM4DPAD5PZSAVYRY",
      "type": "string"
    },
    "rds_port": {
      "value": 3306,
      "type": "number"
    },
    "sg_admin_ssh_id": {
      "value": "sg-0956d4f4b7a07b66c",
      "type": "string"
    },
    "sg_web_id": {
      "value": "sg-0bd9109e153cc9396",
      "type": "string"
    },
    "vpc_id": {
      "value": "vpc-0c1ee9031aa11a29b",
      "type": "string"
    }
  },
  "resources": [
    {
      "mode": "managed",
      "type": "random_id",
      "name": "dbsg",
      "provider": "provider[\"registry.terraform.io/hashicorp/random\"]",
      "instances": [
        {
          "schema_version": 0,
          "attributes": {
            "b64_std": "xlaiyQ==",
            "b64_url": "xlaiyQ",
            "byte_length": 4,
            "dec": "3327566537",
            "hex": "c656a2c9",
            "id": "xlaiyQ",
            "keepers": null,
            "prefix": null
          },
          "sensitive_attributes": [],
          "identity_schema_version": 0
        }
      ]
    },
    {
      "module": "module.ebs",
      "mode": "managed",
      "type": "aws_ebs_volume",
      "name": "this",
      "provider": "provider[\"registry.terraform.io/hashicorp/aws\"]",
      "instances": [
        {
          "schema_version": 0,
          "attributes": {
            "arn": "arn:aws:ec2:eu-west-3:489575506572:volume/vol-0bc7994cac49ab97b",
            "availability_zone": "eu-west-3a",
            "create_time": "2026-01-19T21:12:27Z",
            "encrypted": true,
            "final_snapshot": false,
            "id": "vol-0bc7994cac49ab97b",
            "iops": 3000,
            "kms_key_id": "arn:aws:kms:eu-west-3:489575506572:key/306db48a-0cf1-442a-bbf7-b97b68f8a9ea",
            "multi_attach_enabled": false,
            "outpost_arn": "",
            "region": "eu-west-3",
            "size": 10,
            "snapshot_id": "",
            "tags": {
              "Name": "wp-rds-wp-ebs",
              "Role": "wp-data"
            },
            "tags_all": {
              "Name": "wp-rds-wp-ebs",
              "Role": "wp-data"
            },
            "throughput": 125,
            "timeouts": null,
            "type": "gp3",
            "volume_initialization_rate": 0
          },
          "sensitive_attributes": [],
          "identity_schema_version": 0,
          "private": "eyJlMmJmYjczMC1lY2FhLTExZTYtOGY4OC0zNDM2M2JjN2M0YzAiOnsiY3JlYXRlIjozMDAwMDAwMDAwMDAsImRlbGV0ZSI6NjAwMDAwMDAwMDAwLCJ1cGRhdGUiOjMwMDAwMDAwMDAwMH19",
          "dependencies": [
            "module.ec2.aws_instance.this",
            "module.ec2.data.aws_ami.amazon_linux2",
            "module.networking.aws_db_subnet_group.this",
            "module.networking.aws_security_group.admin_ssh",
            "module.networking.aws_security_group.web",
            "module.networking.aws_subnet.private",
            "module.networking.aws_subnet.public",
            "module.networking.aws_vpc.main",
            "module.networking.data.aws_availability_zones.available",
            "module.rds.aws_db_instance.mysql",
            "module.rds.aws_db_parameter_group.mysql",
            "module.rds.aws_security_group.rds",
            "module.rds.random_password.db",
            "random_id.dbsg"
          ]
        }
      ]
    },
    {
      "module": "module.ebs",
      "mode": "managed",
      "type": "aws_volume_attachment",
      "name": "this",
      "provider": "provider[\"registry.terraform.io/hashicorp/aws\"]",
      "instances": [
        {
          "schema_version": 0,
          "attributes": {
            "device_name": "/dev/xvdf",
            "force_detach": null,
            "id": "vai-2175348045",
            "instance_id": "i-0f7184eae5d9633a6",
            "region": "eu-west-3",
            "skip_destroy": null,
            "stop_instance_before_detaching": null,
            "timeouts": null,
            "volume_id": "vol-0bc7994cac49ab97b"
          },
          "sensitive_attributes": [],
          "identity_schema_version": 0,
          "private": "eyJlMmJmYjczMC1lY2FhLTExZTYtOGY4OC0zNDM2M2JjN2M0YzAiOnsiY3JlYXRlIjozMDAwMDAwMDAwMDAsImRlbGV0ZSI6MzAwMDAwMDAwMDAwfX0=",
          "dependencies": [
            "module.ebs.aws_ebs_volume.this",
            "module.ec2.aws_instance.this",
            "module.ec2.data.aws_ami.amazon_linux2",
            "module.networking.aws_db_subnet_group.this",
            "module.networking.aws_security_group.admin_ssh",
            "module.networking.aws_security_group.web",
            "module.networking.aws_subnet.private",
            "module.networking.aws_subnet.public",
            "module.networking.aws_vpc.main",
            "module.networking.data.aws_availability_zones.available",
            "module.rds.aws_db_instance.mysql",
            "module.rds.aws_db_parameter_group.mysql",
            "module.rds.aws_security_group.rds",
            "module.rds.random_password.db",
            "random_id.dbsg"
          ]
        }
      ]
    },
    {
      "module": "module.ec2",
      "mode": "data",
      "type": "aws_ami",
      "name": "amazon_linux2",
      "provider": "provider[\"registry.terraform.io/hashicorp/aws\"]",
      "instances": [
        {
          "schema_version": 0,
          "attributes": {
            "allow_unsafe_filter": null,
            "architecture": "x86_64",
            "arn": "arn:aws:ec2:eu-west-3::image/ami-0c73f2f84f9def529",
            "block_device_mappings": [
              {
                "device_name": "/dev/xvda",
                "ebs": {
                  "delete_on_termination": "true",
                  "encrypted": "false",
                  "iops": "0",
                  "snapshot_id": "snap-01e8190d1cddf223a",
                  "throughput": "0",
                  "volume_initialization_rate": "0",
                  "volume_size": "8",
                  "volume_type": "gp2"
                },
                "no_device": "",
                "virtual_name": ""
              }
            ],
            "boot_mode": "",
            "creation_date": "2026-01-09T22:04:19.000Z",
            "deprecation_time": "2026-04-09T00:00:00.000Z",
            "description": "Amazon Linux 2 AMI 2.0.20260109.1 x86_64 HVM gp2",
            "ena_support": true,
            "executable_users": null,
            "filter": [
              {
                "name": "name",
                "values": [
                  "amzn2-ami-hvm-*-x86_64-gp2",
                  "amzn2-ami-hvm-*-x86_64-gp3"
                ]
              },
              {
                "name": "virtualization-type",
                "values": [
                  "hvm"
                ]
              }
            ],
            "hypervisor": "xen",
            "id": "ami-0c73f2f84f9def529",
            "image_id": "ami-0c73f2f84f9def529",
            "image_location": "amazon/amzn2-ami-hvm-2.0.20260109.1-x86_64-gp2",
            "image_owner_alias": "amazon",
            "image_type": "machine",
            "imds_support": "",
            "include_deprecated": false,
            "kernel_id": "",
            "last_launched_time": "",
            "most_recent": true,
            "name": "amzn2-ami-hvm-2.0.20260109.1-x86_64-gp2",
            "name_regex": null,
            "owner_id": "137112412989",
            "owners": [
              "amazon"
            ],
            "platform": "",
            "platform_details": "Linux/UNIX",
            "product_codes": [],
            "public": true,
            "ramdisk_id": "",
            "region": "eu-west-3",
            "root_device_name": "/dev/xvda",
            "root_device_type": "ebs",
            "root_snapshot_id": "snap-01e8190d1cddf223a",
            "sriov_net_support": "simple",
            "state": "available",
            "state_reason": {
              "code": "UNSET",
              "message": "UNSET"
            },
            "tags": {},
            "timeouts": null,
            "tpm_support": "",
            "uefi_data": null,
            "usage_operation": "RunInstances",
            "virtualization_type": "hvm"
          },
          "sensitive_attributes": [],
          "identity_schema_version": 0
        }
      ]
    },
    {
      "module": "module.ec2",
      "mode": "managed",
      "type": "aws_instance",
      "name": "this",
      "provider": "provider[\"registry.terraform.io/hashicorp/aws\"]",
      "instances": [
        {
          "schema_version": 2,
          "attributes": {
            "ami": "ami-0c73f2f84f9def529",
            "arn": "arn:aws:ec2:eu-west-3:489575506572:instance/i-0f7184eae5d9633a6",
            "associate_public_ip_address": true,
            "availability_zone": "eu-west-3a",
            "capacity_reservation_specification": [
              {
                "capacity_reservation_preference": "open",
                "capacity_reservation_target": []
              }
            ],
            "cpu_options": [
              {
                "amd_sev_snp": "",
                "core_count": 1,
                "threads_per_core": 2
              }
            ],
            "credit_specification": [
              {
                "cpu_credits": "unlimited"
              }
            ],
            "disable_api_stop": false,
            "disable_api_termination": false,
            "ebs_block_device": [],
            "ebs_optimized": false,
            "enable_primary_ipv6": null,
            "enclave_options": [
              {
                "enabled": false
              }
            ],
            "ephemeral_block_device": [],
            "force_destroy": false,
            "get_password_data": false,
            "hibernation": false,
            "host_id": "",
            "host_resource_group_arn": null,
            "iam_instance_profile": "",
            "id": "i-0f7184eae5d9633a6",
            "instance_initiated_shutdown_behavior": "stop",
            "instance_lifecycle": "",
            "instance_market_options": [],
            "instance_state": "running",
            "instance_type": "t3.micro",
            "ipv6_address_count": 0,
            "ipv6_addresses": [],
            "key_name": "Datascientest-Exam-ec2-paris",
            "launch_template": [],
            "maintenance_options": [
              {
                "auto_recovery": "default"
              }
            ],
            "metadata_options": [
              {
                "http_endpoint": "enabled",
                "http_protocol_ipv6": "disabled",
                "http_put_response_hop_limit": 1,
                "http_tokens": "optional",
                "instance_metadata_tags": "disabled"
              }
            ],
            "monitoring": false,
            "network_interface": [],
            "outpost_arn": "",
            "password_data": "",
            "placement_group": "",
            "placement_group_id": "",
            "placement_partition_number": 0,
            "primary_network_interface": [
              {
                "delete_on_termination": true,
                "network_interface_id": "eni-0d6a143a7e77172a1"
              }
            ],
            "primary_network_interface_id": "eni-0d6a143a7e77172a1",
            "private_dns": "ip-10-0-101-132.eu-west-3.compute.internal",
            "private_dns_name_options": [
              {
                "enable_resource_name_dns_a_record": false,
                "enable_resource_name_dns_aaaa_record": false,
                "hostname_type": "ip-name"
              }
            ],
            "private_ip": "10.0.101.132",
            "public_dns": "ec2-13-38-71-113.eu-west-3.compute.amazonaws.com",
            "public_ip": "13.38.71.113",
            "region": "eu-west-3",
            "root_block_device": [
              {
                "delete_on_termination": true,
                "device_name": "/dev/xvda",
                "encrypted": false,
                "iops": 100,
                "kms_key_id": "",
                "tags": {},
                "tags_all": {},
                "throughput": 0,
                "volume_id": "vol-0a9787176f72a09f6",
                "volume_size": 8,
                "volume_type": "gp2"
              }
            ],
            "secondary_private_ips": [],
            "security_groups": [],
            "source_dest_check": true,
            "spot_instance_request_id": "",
            "subnet_id": "subnet-0ffb2d39c87508b28",
            "tags": {
              "Name": "wp-rds-ec2-wordpress",
              "Role": "web"
            },
            "tags_all": {
              "Name": "wp-rds-ec2-wordpress",
              "Role": "web"
            },
            "tenancy": "default",
            "timeouts": null,
            "user_data": "\n#!/bin/bash\nset -euxo pipefail\n\nDB_NAME=\"wordpress\"\nDB_USER=\"wpuser\"\nDB_PASS=\"7BswDI#d%!NV*R%bS0mcZm3G\"\nDB_HOST=\"wp-rds-mysql.clym88igatyf.eu-west-3.rds.amazonaws.com\"\nMOUNT_POINT=\"/var/www/html\"\nDEVICE_NAME=\"/dev/xvdf\"\n\n# 0) Attendre que le device EBS apparaisse (jusqu'à ~60s)\nfor i in {1..30}; do\n  if [ -b \"/dev/xvdf\" ]; then\n    echo \"Device /dev/xvdf disponible.\"\n    break\n  fi\n  echo \"Attente du device /dev/xvdf ...\"\n  sleep 2\ndone\n\n# 1) MAJ + LAMP + utilitaires\nyum update -y\namazon-linux-extras enable php8.2 || true\nyum install -y httpd php php-mysqlnd php-gd php-xml php-mbstring wget unzip curl jq mysql\n\nsystemctl enable httpd\nsystemctl start httpd\n\n# 2) Préparer le disque EBS (si vierge → mkfs)\nif ! file -s /dev/xvdf | grep -q \"filesystem\"; then\n  mkfs -t xfs /dev/xvdf\nfi\n\n# 3) Monter le volume sur le MOUNT_POINT\nmkdir -p /var/www/html\nUUID=$(blkid -s UUID -o value /dev/xvdf)\ngrep -q \"${UUID}\" /etc/fstab || echo \"UUID=${UUID} /var/www/html xfs defaults,nofail 0 2\" \u003e\u003e /etc/fstab\nmount -a\n\n# 4) Installer WordPress sur le volume\ncd /tmp\nwget -q https://wordpress.org/latest.zip\nunzip -q latest.zip\nrsync -a /tmp/wordpress/ /var/www/html/\nchown -R apache:apache /var/www/html\nfind /var/www/html -type d -exec chmod 755 {} \\;\nfind /var/www/html -type f -exec chmod 644 {} \\;\n\n# 5) Config wp-config.php\ncp /var/www/html/wp-config-sample.php /var/www/html/wp-config.php\nsed -i \"s/database_name_here/wordpress/\" /var/www/html/wp-config.php\nsed -i \"s/username_here/wpuser/\" /var/www/html/wp-config.php\nsed -i \"s/password_here/7BswDI#d%!NV*R%bS0mcZm3G/\" /var/www/html/wp-config.php\nsed -i \"s/localhost/wp-rds-mysql.clym88igatyf.eu-west-3.rds.amazonaws.com/\" /var/www/html/wp-config.php\n\n# 6) Clés SALT\nSALT=$(curl -s https://api.wordpress.org/secret-key/1.1/salt/ || true)\nif [ -n \"$SALT\" ]; then\n  sed -i \"/AUTH_KEY/d;/SECURE_AUTH_KEY/d;/LOGGED_IN_KEY/d;/NONCE_KEY/d;/AUTH_SALT/d;/SECURE_AUTH_SALT/d;/LOGGED_IN_SALT/d;/NONCE_SALT/d\" /var/www/html/wp-config.php\n  echo \"$SALT\" \u003e\u003e /var/www/html/wp-config.php\nfi\n\nsystemctl restart httpd\n\n# Healthcheck simple\necho \"OK - WordPress déployé, DB: wp-rds-mysql.clym88igatyf.eu-west-3.rds.amazonaws.com\" \u003e /var/www/html/health.txt",
            "user_data_base64": null,
            "user_data_replace_on_change": false,
            "volume_tags": null,
            "vpc_security_group_ids": [
              "sg-0956d4f4b7a07b66c",
              "sg-0bd9109e153cc9396"
            ]
          },
          "sensitive_attributes": [
            [
              {
                "type": "get_attr",
                "value": "user_data"
              }
            ]
          ],
          "identity_schema_version": 0,
          "identity": {
            "account_id": "489575506572",
            "id": "i-0f7184eae5d9633a6",
            "region": "eu-west-3"
          },
          "private": "eyJlMmJmYjczMC1lY2FhLTExZTYtOGY4OC0zNDM2M2JjN2M0YzAiOnsiY3JlYXRlIjo2MDAwMDAwMDAwMDAsImRlbGV0ZSI6MTIwMDAwMDAwMDAwMCwicmVhZCI6OTAwMDAwMDAwMDAwLCJ1cGRhdGUiOjYwMDAwMDAwMDAwMH0sInNjaGVtYV92ZXJzaW9uIjoiMiJ9",
          "dependencies": [
            "module.ec2.data.aws_ami.amazon_linux2",
            "module.networking.aws_db_subnet_group.this",
            "module.networking.aws_security_group.admin_ssh",
            "module.networking.aws_security_group.web",
            "module.networking.aws_subnet.private",
            "module.networking.aws_subnet.public",
            "module.networking.aws_vpc.main",
            "module.networking.data.aws_availability_zones.available",
            "module.rds.aws_db_instance.mysql",
            "module.rds.aws_db_parameter_group.mysql",
            "module.rds.aws_security_group.rds",
            "module.rds.random_password.db",
            "random_id.dbsg"
          ]
        }
      ]
    },
    {
      "module": "module.networking",
      "mode": "data",
      "type": "aws_availability_zones",
      "name": "available",
      "provider": "provider[\"registry.terraform.io/hashicorp/aws\"]",
      "instances": [
        {
          "schema_version": 0,
          "attributes": {
            "all_availability_zones": null,
            "exclude_names": null,
            "exclude_zone_ids": null,
            "filter": null,
            "group_names": [
              "eu-west-3-zg-1"
            ],
            "id": "eu-west-3",
            "names": [
              "eu-west-3a",
              "eu-west-3b",
              "eu-west-3c"
            ],
            "region": "eu-west-3",
            "state": "available",
            "timeouts": null,
            "zone_ids": [
              "euw3-az1",
              "euw3-az2",
              "euw3-az3"
            ]
          },
          "sensitive_attributes": [],
          "identity_schema_version": 0
        }
      ]
    },
    {
      "module": "module.networking",
      "mode": "managed",
      "type": "aws_db_subnet_group",
      "name": "this",
      "provider": "provider[\"registry.terraform.io/hashicorp/aws\"]",
      "instances": [
        {
          "index_key": 0,
          "schema_version": 0,
          "attributes": {
            "arn": "arn:aws:rds:eu-west-3:489575506572:subgrp:wp-rds-rds-private-subnets-c656a2c9",
            "description": "Managed by Terraform",
            "id": "wp-rds-rds-private-subnets-c656a2c9",
            "name": "wp-rds-rds-private-subnets-c656a2c9",
            "name_prefix": "",
            "region": "eu-west-3",
            "subnet_ids": [
              "subnet-02affe485436677d0",
              "subnet-0eefbda69f5689425"
            ],
            "supported_network_types": [
              "IPV4"
            ],
            "tags": {
              "Environment": "dev",
              "ManagedBy": "Terraform",
              "Name": "wp-rds-rds-private-subnets-c656a2c9",
              "Project": "wp-rds"
            },
            "tags_all": {
              "Environment": "dev",
              "ManagedBy": "Terraform",
              "Name": "wp-rds-rds-private-subnets-c656a2c9",
              "Project": "wp-rds"
            },
            "vpc_id": "vpc-0c1ee9031aa11a29b"
          },
          "sensitive_attributes": [],
          "identity_schema_version": 0,
          "private": "bnVsbA==",
          "dependencies": [
            "module.networking.aws_subnet.private",
            "module.networking.aws_vpc.main",
            "module.networking.data.aws_availability_zones.available",
            "random_id.dbsg"
          ]
        }
      ]
    },
    {
      "module": "module.networking",
      "mode": "managed",
      "type": "aws_eip",
      "name": "nat",
      "provider": "provider[\"registry.terraform.io/hashicorp/aws\"]",
      "instances": [
        {
          "index_key": "0",
          "schema_version": 0,
          "attributes": {
            "address": null,
            "allocation_id": "eipalloc-017addbbecb32e8e8",
            "arn": "arn:aws:ec2:eu-west-3:489575506572:elastic-ip/eipalloc-017addbbecb32e8e8",
            "associate_with_private_ip": null,
            "association_id": "",
            "carrier_ip": "",
            "customer_owned_ip": "",
            "customer_owned_ipv4_pool": "",
            "domain": "vpc",
            "id": "eipalloc-017addbbecb32e8e8",
            "instance": "",
            "ipam_pool_id": null,
            "network_border_group": "eu-west-3",
            "network_interface": "",
            "private_dns": null,
            "private_ip": "",
            "ptr_record": "",
            "public_dns": "ec2-13-37-132-150.eu-west-3.compute.amazonaws.com",
            "public_ip": "13.37.132.150",
            "public_ipv4_pool": "amazon",
            "region": "eu-west-3",
            "tags": {
              "Environment": "dev",
              "ManagedBy": "Terraform",
              "Name": "wp-rds-nat-eip-0",
              "Project": "wp-rds"
            },
            "tags_all": {
              "Environment": "dev",
              "ManagedBy": "Terraform",
              "Name": "wp-rds-nat-eip-0",
              "Project": "wp-rds"
            },
            "timeouts": null
          },
          "sensitive_attributes": [],
          "identity_schema_version": 0,
          "private": "eyJlMmJmYjczMC1lY2FhLTExZTYtOGY4OC0zNDM2M2JjN2M0YzAiOnsiZGVsZXRlIjoxODAwMDAwMDAwMDAsInJlYWQiOjkwMDAwMDAwMDAwMCwidXBkYXRlIjozMDAwMDAwMDAwMDB9fQ==",
          "dependencies": [
            "module.networking.data.aws_availability_zones.available"
          ]
        }
      ]
    },
    {
      "module": "module.networking",
      "mode": "managed",
      "type": "aws_internet_gateway",
      "name": "igw",
      "provider": "provider[\"registry.terraform.io/hashicorp/aws\"]",
      "instances": [
        {
          "schema_version": 0,
          "attributes": {
            "arn": "arn:aws:ec2:eu-west-3:489575506572:internet-gateway/igw-0f703bf0925962a9a",
            "id": "igw-0f703bf0925962a9a",
            "owner_id": "489575506572",
            "region": "eu-west-3",
            "tags": {
              "Environment": "dev",
              "ManagedBy": "Terraform",
              "Name": "wp-rds-igw",
              "Project": "wp-rds"
            },
            "tags_all": {
              "Environment": "dev",
              "ManagedBy": "Terraform",
              "Name": "wp-rds-igw",
              "Project": "wp-rds"
            },
            "timeouts": null,
            "vpc_id": "vpc-0c1ee9031aa11a29b"
          },
          "sensitive_attributes": [],
          "identity_schema_version": 0,
          "private": "eyJlMmJmYjczMC1lY2FhLTExZTYtOGY4OC0zNDM2M2JjN2M0YzAiOnsiY3JlYXRlIjoxMjAwMDAwMDAwMDAwLCJkZWxldGUiOjEyMDAwMDAwMDAwMDAsInVwZGF0ZSI6MTIwMDAwMDAwMDAwMH19",
          "dependencies": [
            "module.networking.aws_vpc.main"
          ]
        }
      ]
    },
    {
      "module": "module.networking",
      "mode": "managed",
      "type": "aws_nat_gateway",
      "name": "nat",
      "provider": "provider[\"registry.terraform.io/hashicorp/aws\"]",
      "instances": [
        {
          "index_key": "0",
          "schema_version": 0,
          "attributes": {
            "allocation_id": "eipalloc-017addbbecb32e8e8",
            "association_id": "eipassoc-0383c64a6194e3639",
            "auto_provision_zones": null,
            "auto_scaling_ips": null,
            "availability_mode": "zonal",
            "availability_zone_address": [],
            "connectivity_type": "public",
            "id": "nat-061387b9497c6f187",
            "network_interface_id": "eni-0f9537cf89f140d1d",
            "private_ip": "10.0.101.68",
            "public_ip": "13.37.132.150",
            "region": "eu-west-3",
            "regional_nat_gateway_address": [],
            "regional_nat_gateway_auto_mode": null,
            "route_table_id": null,
            "secondary_allocation_ids": [],
            "secondary_private_ip_address_count": 0,
            "secondary_private_ip_addresses": [],
            "subnet_id": "subnet-0ffb2d39c87508b28",
            "tags": {
              "Environment": "dev",
              "ManagedBy": "Terraform",
              "Name": "wp-rds-nat-0",
              "Project": "wp-rds"
            },
            "tags_all": {
              "Environment": "dev",
              "ManagedBy": "Terraform",
              "Name": "wp-rds-nat-0",
              "Project": "wp-rds"
            },
            "timeouts": null,
            "vpc_id": "vpc-0c1ee9031aa11a29b"
          },
          "sensitive_attributes": [],
          "identity_schema_version": 0,
          "private": "eyJlMmJmYjczMC1lY2FhLTExZTYtOGY4OC0zNDM2M2JjN2M0YzAiOnsiY3JlYXRlIjo2MDAwMDAwMDAwMDAsImRlbGV0ZSI6MTgwMDAwMDAwMDAwMCwidXBkYXRlIjo2MDAwMDAwMDAwMDB9fQ==",
          "dependencies": [
            "module.networking.aws_eip.nat",
            "module.networking.aws_internet_gateway.igw",
            "module.networking.aws_subnet.public",
            "module.networking.aws_vpc.main",
            "module.networking.data.aws_availability_zones.available"
          ]
        }
      ]
    },
    {
      "module": "module.networking",
      "mode": "managed",
      "type": "aws_route",
      "name": "private_nat",
      "provider": "provider[\"registry.terraform.io/hashicorp/aws\"]",
      "instances": [
        {
          "index_key": "all",
          "schema_version": 0,
          "attributes": {
            "carrier_gateway_id": "",
            "core_network_arn": "",
            "destination_cidr_block": "0.0.0.0/0",
            "destination_ipv6_cidr_block": "",
            "destination_prefix_list_id": "",
            "egress_only_gateway_id": "",
            "gateway_id": "",
            "id": "r-rtb-0a4bf6aa5bf4189101080289494",
            "instance_id": "",
            "instance_owner_id": "",
            "local_gateway_id": "",
            "nat_gateway_id": "nat-061387b9497c6f187",
            "network_interface_id": "",
            "origin": "CreateRoute",
            "region": "eu-west-3",
            "route_table_id": "rtb-0a4bf6aa5bf418910",
            "state": "active",
            "timeouts": null,
            "transit_gateway_id": "",
            "vpc_endpoint_id": "",
            "vpc_peering_connection_id": ""
          },
          "sensitive_attributes": [],
          "identity_schema_version": 0,
          "identity": {
            "account_id": "489575506572",
            "destination_cidr_block": "0.0.0.0/0",
            "destination_ipv6_cidr_block": null,
            "destination_prefix_list_id": null,
            "region": "eu-west-3",
            "route_table_id": "rtb-0a4bf6aa5bf418910"
          },
          "private": "eyJlMmJmYjczMC1lY2FhLTExZTYtOGY4OC0zNDM2M2JjN2M0YzAiOnsiY3JlYXRlIjozMDAwMDAwMDAwMDAsImRlbGV0ZSI6MzAwMDAwMDAwMDAwLCJ1cGRhdGUiOjEyMDAwMDAwMDAwMH19",
          "dependencies": [
            "module.networking.aws_eip.nat",
            "module.networking.aws_internet_gateway.igw",
            "module.networking.aws_nat_gateway.nat",
            "module.networking.aws_route_table.private",
            "module.networking.aws_subnet.public",
            "module.networking.aws_vpc.main",
            "module.networking.data.aws_availability_zones.available"
          ]
        }
      ]
    },
    {
      "module": "module.networking",
      "mode": "managed",
      "type": "aws_route",
      "name": "public_internet",
      "provider": "provider[\"registry.terraform.io/hashicorp/aws\"]",
      "instances": [
        {
          "schema_version": 0,
          "attributes": {
            "carrier_gateway_id": "",
            "core_network_arn": "",
            "destination_cidr_block": "0.0.0.0/0",
            "destination_ipv6_cidr_block": "",
            "destination_prefix_list_id": "",
            "egress_only_gateway_id": "",
            "gateway_id": "igw-0f703bf0925962a9a",
            "id": "r-rtb-0f6710899379bd1141080289494",
            "instance_id": "",
            "instance_owner_id": "",
            "local_gateway_id": "",
            "nat_gateway_id": "",
            "network_interface_id": "",
            "origin": "CreateRoute",
            "region": "eu-west-3",
            "route_table_id": "rtb-0f6710899379bd114",
            "state": "active",
            "timeouts": null,
            "transit_gateway_id": "",
            "vpc_endpoint_id": "",
            "vpc_peering_connection_id": ""
          },
          "sensitive_attributes": [],
          "identity_schema_version": 0,
          "identity": {
            "account_id": "489575506572",
            "destination_cidr_block": "0.0.0.0/0",
            "destination_ipv6_cidr_block": null,
            "destination_prefix_list_id": null,
            "region": "eu-west-3",
            "route_table_id": "rtb-0f6710899379bd114"
          },
          "private": "eyJlMmJmYjczMC1lY2FhLTExZTYtOGY4OC0zNDM2M2JjN2M0YzAiOnsiY3JlYXRlIjozMDAwMDAwMDAwMDAsImRlbGV0ZSI6MzAwMDAwMDAwMDAwLCJ1cGRhdGUiOjEyMDAwMDAwMDAwMH19",
          "dependencies": [
            "module.networking.aws_internet_gateway.igw",
            "module.networking.aws_route_table.public",
            "module.networking.aws_vpc.main"
          ]
        }
      ]
    },
    {
      "module": "module.networking",
      "mode": "managed",
      "type": "aws_route_table",
      "name": "private",
      "provider": "provider[\"registry.terraform.io/hashicorp/aws\"]",
      "instances": [
        {
          "index_key": "all",
          "schema_version": 0,
          "attributes": {
            "arn": "arn:aws:ec2:eu-west-3:489575506572:route-table/rtb-0a4bf6aa5bf418910",
            "id": "rtb-0a4bf6aa5bf418910",
            "owner_id": "489575506572",
            "propagating_vgws": [],
            "region": "eu-west-3",
            "route": [],
            "tags": {
              "Environment": "dev",
              "ManagedBy": "Terraform",
              "Name": "wp-rds-private-rt",
              "Project": "wp-rds"
            },
            "tags_all": {
              "Environment": "dev",
              "ManagedBy": "Terraform",
              "Name": "wp-rds-private-rt",
              "Project": "wp-rds"
            },
            "timeouts": null,
            "vpc_id": "vpc-0c1ee9031aa11a29b"
          },
          "sensitive_attributes": [],
          "identity_schema_version": 0,
          "identity": {
            "account_id": "489575506572",
            "id": "rtb-0a4bf6aa5bf418910",
            "region": "eu-west-3"
          },
          "private": "eyJlMmJmYjczMC1lY2FhLTExZTYtOGY4OC0zNDM2M2JjN2M0YzAiOnsiY3JlYXRlIjozMDAwMDAwMDAwMDAsImRlbGV0ZSI6MzAwMDAwMDAwMDAwLCJ1cGRhdGUiOjEyMDAwMDAwMDAwMH19",
          "dependencies": [
            "module.networking.aws_vpc.main",
            "module.networking.data.aws_availability_zones.available"
          ]
        }
      ]
    },
    {
      "module": "module.networking",
      "mode": "managed",
      "type": "aws_route_table",
      "name": "public",
      "provider": "provider[\"registry.terraform.io/hashicorp/aws\"]",
      "instances": [
        {
          "schema_version": 0,
          "attributes": {
            "arn": "arn:aws:ec2:eu-west-3:489575506572:route-table/rtb-0f6710899379bd114",
            "id": "rtb-0f6710899379bd114",
            "owner_id": "489575506572",
            "propagating_vgws": [],
            "region": "eu-west-3",
            "route": [],
            "tags": {
              "Environment": "dev",
              "ManagedBy": "Terraform",
              "Name": "wp-rds-public-rt",
              "Project": "wp-rds"
            },
            "tags_all": {
              "Environment": "dev",
              "ManagedBy": "Terraform",
              "Name": "wp-rds-public-rt",
              "Project": "wp-rds"
            },
            "timeouts": null,
            "vpc_id": "vpc-0c1ee9031aa11a29b"
          },
          "sensitive_attributes": [],
          "identity_schema_version": 0,
          "identity": {
            "account_id": "489575506572",
            "id": "rtb-0f6710899379bd114",
            "region": "eu-west-3"
          },
          "private": "eyJlMmJmYjczMC1lY2FhLTExZTYtOGY4OC0zNDM2M2JjN2M0YzAiOnsiY3JlYXRlIjozMDAwMDAwMDAwMDAsImRlbGV0ZSI6MzAwMDAwMDAwMDAwLCJ1cGRhdGUiOjEyMDAwMDAwMDAwMH19",
          "dependencies": [
            "module.networking.aws_vpc.main"
          ]
        }
      ]
    },
    {
      "module": "module.networking",
      "mode": "managed",
      "type": "aws_route_table_association",
      "name": "private",
      "provider": "provider[\"registry.terraform.io/hashicorp/aws\"]",
      "instances": [
        {
          "index_key": "0",
          "schema_version": 0,
          "attributes": {
            "gateway_id": "",
            "id": "rtbassoc-0d1d0e360c9b4d4eb",
            "region": "eu-west-3",
            "route_table_id": "rtb-0a4bf6aa5bf418910",
            "subnet_id": "subnet-0eefbda69f5689425",
            "timeouts": null
          },
          "sensitive_attributes": [],
          "identity_schema_version": 0,
          "private": "eyJlMmJmYjczMC1lY2FhLTExZTYtOGY4OC0zNDM2M2JjN2M0YzAiOnsiY3JlYXRlIjozMDAwMDAwMDAwMDAsImRlbGV0ZSI6MzAwMDAwMDAwMDAwLCJ1cGRhdGUiOjEyMDAwMDAwMDAwMH19",
          "dependencies": [
            "module.networking.aws_route_table.private",
            "module.networking.aws_subnet.private",
            "module.networking.aws_vpc.main",
            "module.networking.data.aws_availability_zones.available"
          ]
        },
        {
          "index_key": "1",
          "schema_version": 0,
          "attributes": {
            "gateway_id": "",
            "id": "rtbassoc-0921162ef3514b7f2",
            "region": "eu-west-3",
            "route_table_id": "rtb-0a4bf6aa5bf418910",
            "subnet_id": "subnet-02affe485436677d0",
            "timeouts": null
          },
          "sensitive_attributes": [],
          "identity_schema_version": 0,
          "private": "eyJlMmJmYjczMC1lY2FhLTExZTYtOGY4OC0zNDM2M2JjN2M0YzAiOnsiY3JlYXRlIjozMDAwMDAwMDAwMDAsImRlbGV0ZSI6MzAwMDAwMDAwMDAwLCJ1cGRhdGUiOjEyMDAwMDAwMDAwMH19",
          "dependencies": [
            "module.networking.aws_route_table.private",
            "module.networking.aws_subnet.private",
            "module.networking.aws_vpc.main",
            "module.networking.data.aws_availability_zones.available"
          ]
        }
      ]
    },
    {
      "module": "module.networking",
      "mode": "managed",
      "type": "aws_route_table_association",
      "name": "public",
      "provider": "provider[\"registry.terraform.io/hashicorp/aws\"]",
      "instances": [
        {
          "index_key": "0",
          "schema_version": 0,
          "attributes": {
            "gateway_id": "",
            "id": "rtbassoc-0d1dc3065fe2e9c50",
            "region": "eu-west-3",
            "route_table_id": "rtb-0f6710899379bd114",
            "subnet_id": "subnet-0ffb2d39c87508b28",
            "timeouts": null
          },
          "sensitive_attributes": [],
          "identity_schema_version": 0,
          "private": "eyJlMmJmYjczMC1lY2FhLTExZTYtOGY4OC0zNDM2M2JjN2M0YzAiOnsiY3JlYXRlIjozMDAwMDAwMDAwMDAsImRlbGV0ZSI6MzAwMDAwMDAwMDAwLCJ1cGRhdGUiOjEyMDAwMDAwMDAwMH19",
          "dependencies": [
            "module.networking.aws_route_table.public",
            "module.networking.aws_subnet.public",
            "module.networking.aws_vpc.main",
            "module.networking.data.aws_availability_zones.available"
          ]
        },
        {
          "index_key": "1",
          "schema_version": 0,
          "attributes": {
            "gateway_id": "",
            "id": "rtbassoc-0aa2834d2f7650436",
            "region": "eu-west-3",
            "route_table_id": "rtb-0f6710899379bd114",
            "subnet_id": "subnet-03da5e4af1831a039",
            "timeouts": null
          },
          "sensitive_attributes": [],
          "identity_schema_version": 0,
          "private": "eyJlMmJmYjczMC1lY2FhLTExZTYtOGY4OC0zNDM2M2JjN2M0YzAiOnsiY3JlYXRlIjozMDAwMDAwMDAwMDAsImRlbGV0ZSI6MzAwMDAwMDAwMDAwLCJ1cGRhdGUiOjEyMDAwMDAwMDAwMH19",
          "dependencies": [
            "module.networking.aws_route_table.public",
            "module.networking.aws_subnet.public",
            "module.networking.aws_vpc.main",
            "module.networking.data.aws_availability_zones.available"
          ]
        }
      ]
    },
    {
      "module": "module.networking",
      "mode": "managed",
      "type": "aws_security_group",
      "name": "admin_ssh",
      "provider": "provider[\"registry.terraform.io/hashicorp/aws\"]",
      "instances": [
        {
          "schema_version": 1,
          "attributes": {
            "arn": "arn:aws:ec2:eu-west-3:489575506572:security-group/sg-0956d4f4b7a07b66c",
            "description": "SSH restreint IP admin",
            "egress": [
              {
                "cidr_blocks": [
                  "0.0.0.0/0"
                ],
                "description": "",
                "from_port": 0,
                "ipv6_cidr_blocks": [],
                "prefix_list_ids": [],
                "protocol": "-1",
                "security_groups": [],
                "self": false,
                "to_port": 0
              }
            ],
            "id": "sg-0956d4f4b7a07b66c",
            "ingress": [
              {
                "cidr_blocks": [
                  "52.210.167.73/32"
                ],
                "description": "SSH admin",
                "from_port": 22,
                "ipv6_cidr_blocks": [],
                "prefix_list_ids": [],
                "protocol": "tcp",
                "security_groups": [],
                "self": false,
                "to_port": 22
              }
            ],
            "name": "wp-rds-admin-ssh-sg",
            "name_prefix": "",
            "owner_id": "489575506572",
            "region": "eu-west-3",
            "revoke_rules_on_delete": false,
            "tags": {
              "Environment": "dev",
              "ManagedBy": "Terraform",
              "Name": "wp-rds-admin-ssh-sg",
              "Project": "wp-rds",
              "Role": "admin"
            },
            "tags_all": {
              "Environment": "dev",
              "ManagedBy": "Terraform",
              "Name": "wp-rds-admin-ssh-sg",
              "Project": "wp-rds",
              "Role": "admin"
            },
            "timeouts": null,
            "vpc_id": "vpc-0c1ee9031aa11a29b"
          },
          "sensitive_attributes": [],
          "identity_schema_version": 0,
          "identity": {
            "account_id": "489575506572",
            "id": "sg-0956d4f4b7a07b66c",
            "region": "eu-west-3"
          },
          "private": "eyJlMmJmYjczMC1lY2FhLTExZTYtOGY4OC0zNDM2M2JjN2M0YzAiOnsiY3JlYXRlIjo2MDAwMDAwMDAwMDAsImRlbGV0ZSI6OTAwMDAwMDAwMDAwfSwic2NoZW1hX3ZlcnNpb24iOiIxIn0=",
          "dependencies": [
            "module.networking.aws_vpc.main"
          ]
        }
      ]
    },
    {
      "module": "module.networking",
      "mode": "managed",
      "type": "aws_security_group",
      "name": "web",
      "provider": "provider[\"registry.terraform.io/hashicorp/aws\"]",
      "instances": [
        {
          "schema_version": 1,
          "attributes": {
            "arn": "arn:aws:ec2:eu-west-3:489575506572:security-group/sg-0bd9109e153cc9396",
            "description": "HTTP/HTTPS pour WordPress",
            "egress": [
              {
                "cidr_blocks": [
                  "0.0.0.0/0"
                ],
                "description": "",
                "from_port": 0,
                "ipv6_cidr_blocks": [],
                "prefix_list_ids": [],
                "protocol": "-1",
                "security_groups": [],
                "self": false,
                "to_port": 0
              }
            ],
            "id": "sg-0bd9109e153cc9396",
            "ingress": [
              {
                "cidr_blocks": [
                  "0.0.0.0/0"
                ],
                "description": "HTTP depuis Internet",
                "from_port": 80,
                "ipv6_cidr_blocks": [],
                "prefix_list_ids": [],
                "protocol": "tcp",
                "security_groups": [],
                "self": false,
                "to_port": 80
              }
            ],
            "name": "wp-rds-web-sg",
            "name_prefix": "",
            "owner_id": "489575506572",
            "region": "eu-west-3",
            "revoke_rules_on_delete": false,
            "tags": {
              "Environment": "dev",
              "ManagedBy": "Terraform",
              "Name": "wp-rds-web-sg",
              "Project": "wp-rds",
              "Role": "web"
            },
            "tags_all": {
              "Environment": "dev",
              "ManagedBy": "Terraform",
              "Name": "wp-rds-web-sg",
              "Project": "wp-rds",
              "Role": "web"
            },
            "timeouts": null,
            "vpc_id": "vpc-0c1ee9031aa11a29b"
          },
          "sensitive_attributes": [],
          "identity_schema_version": 0,
          "identity": {
            "account_id": "489575506572",
            "id": "sg-0bd9109e153cc9396",
            "region": "eu-west-3"
          },
          "private": "eyJlMmJmYjczMC1lY2FhLTExZTYtOGY4OC0zNDM2M2JjN2M0YzAiOnsiY3JlYXRlIjo2MDAwMDAwMDAwMDAsImRlbGV0ZSI6OTAwMDAwMDAwMDAwfSwic2NoZW1hX3ZlcnNpb24iOiIxIn0=",
          "dependencies": [
            "module.networking.aws_vpc.main"
          ]
        }
      ]
    },
    {
      "module": "module.networking",
      "mode": "managed",
      "type": "aws_subnet",
      "name": "private",
      "provider": "provider[\"registry.terraform.io/hashicorp/aws\"]",
      "instances": [
        {
          "index_key": "0",
          "schema_version": 1,
          "attributes": {
            "arn": "arn:aws:ec2:eu-west-3:489575506572:subnet/subnet-0eefbda69f5689425",
            "assign_ipv6_address_on_creation": false,
            "availability_zone": "eu-west-3a",
            "availability_zone_id": "euw3-az1",
            "cidr_block": "10.0.1.0/24",
            "customer_owned_ipv4_pool": "",
            "enable_dns64": false,
            "enable_lni_at_device_index": 0,
            "enable_resource_name_dns_a_record_on_launch": false,
            "enable_resource_name_dns_aaaa_record_on_launch": false,
            "id": "subnet-0eefbda69f5689425",
            "ipv6_cidr_block": "",
            "ipv6_cidr_block_association_id": "",
            "ipv6_native": false,
            "map_customer_owned_ip_on_launch": false,
            "map_public_ip_on_launch": false,
            "outpost_arn": "",
            "owner_id": "489575506572",
            "private_dns_hostname_type_on_launch": "ip-name",
            "region": "eu-west-3",
            "tags": {
              "Environment": "dev",
              "ManagedBy": "Terraform",
              "Name": "wp-rds-private-eu-west-3a",
              "Project": "wp-rds",
              "Tier": "private"
            },
            "tags_all": {
              "Environment": "dev",
              "ManagedBy": "Terraform",
              "Name": "wp-rds-private-eu-west-3a",
              "Project": "wp-rds",
              "Tier": "private"
            },
            "timeouts": null,
            "vpc_id": "vpc-0c1ee9031aa11a29b"
          },
          "sensitive_attributes": [],
          "identity_schema_version": 0,
          "identity": {
            "account_id": "489575506572",
            "id": "subnet-0eefbda69f5689425",
            "region": "eu-west-3"
          },
          "private": "eyJlMmJmYjczMC1lY2FhLTExZTYtOGY4OC0zNDM2M2JjN2M0YzAiOnsiY3JlYXRlIjo2MDAwMDAwMDAwMDAsImRlbGV0ZSI6MTIwMDAwMDAwMDAwMH0sInNjaGVtYV92ZXJzaW9uIjoiMSJ9",
          "dependencies": [
            "module.networking.aws_vpc.main",
            "module.networking.data.aws_availability_zones.available"
          ]
        },
        {
          "index_key": "1",
          "schema_version": 1,
          "attributes": {
            "arn": "arn:aws:ec2:eu-west-3:489575506572:subnet/subnet-02affe485436677d0",
            "assign_ipv6_address_on_creation": false,
            "availability_zone": "eu-west-3b",
            "availability_zone_id": "euw3-az2",
            "cidr_block": "10.0.2.0/24",
            "customer_owned_ipv4_pool": "",
            "enable_dns64": false,
            "enable_lni_at_device_index": 0,
            "enable_resource_name_dns_a_record_on_launch": false,
            "enable_resource_name_dns_aaaa_record_on_launch": false,
            "id": "subnet-02affe485436677d0",
            "ipv6_cidr_block": "",
            "ipv6_cidr_block_association_id": "",
            "ipv6_native": false,
            "map_customer_owned_ip_on_launch": false,
            "map_public_ip_on_launch": false,
            "outpost_arn": "",
            "owner_id": "489575506572",
            "private_dns_hostname_type_on_launch": "ip-name",
            "region": "eu-west-3",
            "tags": {
              "Environment": "dev",
              "ManagedBy": "Terraform",
              "Name": "wp-rds-private-eu-west-3b",
              "Project": "wp-rds",
              "Tier": "private"
            },
            "tags_all": {
              "Environment": "dev",
              "ManagedBy": "Terraform",
              "Name": "wp-rds-private-eu-west-3b",
              "Project": "wp-rds",
              "Tier": "private"
            },
            "timeouts": null,
            "vpc_id": "vpc-0c1ee9031aa11a29b"
          },
          "sensitive_attributes": [],
          "identity_schema_version": 0,
          "identity": {
            "account_id": "489575506572",
            "id": "subnet-02affe485436677d0",
            "region": "eu-west-3"
          },
          "private": "eyJlMmJmYjczMC1lY2FhLTExZTYtOGY4OC0zNDM2M2JjN2M0YzAiOnsiY3JlYXRlIjo2MDAwMDAwMDAwMDAsImRlbGV0ZSI6MTIwMDAwMDAwMDAwMH0sInNjaGVtYV92ZXJzaW9uIjoiMSJ9",
          "dependencies": [
            "module.networking.aws_vpc.main",
            "module.networking.data.aws_availability_zones.available"
          ]
        }
      ]
    },
    {
      "module": "module.networking",
      "mode": "managed",
      "type": "aws_subnet",
      "name": "public",
      "provider": "provider[\"registry.terraform.io/hashicorp/aws\"]",
      "instances": [
        {
          "index_key": "0",
          "schema_version": 1,
          "attributes": {
            "arn": "arn:aws:ec2:eu-west-3:489575506572:subnet/subnet-0ffb2d39c87508b28",
            "assign_ipv6_address_on_creation": false,
            "availability_zone": "eu-west-3a",
            "availability_zone_id": "euw3-az1",
            "cidr_block": "10.0.101.0/24",
            "customer_owned_ipv4_pool": "",
            "enable_dns64": false,
            "enable_lni_at_device_index": 0,
            "enable_resource_name_dns_a_record_on_launch": false,
            "enable_resource_name_dns_aaaa_record_on_launch": false,
            "id": "subnet-0ffb2d39c87508b28",
            "ipv6_cidr_block": "",
            "ipv6_cidr_block_association_id": "",
            "ipv6_native": false,
            "map_customer_owned_ip_on_launch": false,
            "map_public_ip_on_launch": true,
            "outpost_arn": "",
            "owner_id": "489575506572",
            "private_dns_hostname_type_on_launch": "ip-name",
            "region": "eu-west-3",
            "tags": {
              "Environment": "dev",
              "ManagedBy": "Terraform",
              "Name": "wp-rds-public-eu-west-3a",
              "Project": "wp-rds",
              "Tier": "public"
            },
            "tags_all": {
              "Environment": "dev",
              "ManagedBy": "Terraform",
              "Name": "wp-rds-public-eu-west-3a",
              "Project": "wp-rds",
              "Tier": "public"
            },
            "timeouts": null,
            "vpc_id": "vpc-0c1ee9031aa11a29b"
          },
          "sensitive_attributes": [],
          "identity_schema_version": 0,
          "identity": {
            "account_id": "489575506572",
            "id": "subnet-0ffb2d39c87508b28",
            "region": "eu-west-3"
          },
          "private": "eyJlMmJmYjczMC1lY2FhLTExZTYtOGY4OC0zNDM2M2JjN2M0YzAiOnsiY3JlYXRlIjo2MDAwMDAwMDAwMDAsImRlbGV0ZSI6MTIwMDAwMDAwMDAwMH0sInNjaGVtYV92ZXJzaW9uIjoiMSJ9",
          "dependencies": [
            "module.networking.aws_vpc.main",
            "module.networking.data.aws_availability_zones.available"
          ]
        },
        {
          "index_key": "1",
          "schema_version": 1,
          "attributes": {
            "arn": "arn:aws:ec2:eu-west-3:489575506572:subnet/subnet-03da5e4af1831a039",
            "assign_ipv6_address_on_creation": false,
            "availability_zone": "eu-west-3b",
            "availability_zone_id": "euw3-az2",
            "cidr_block": "10.0.102.0/24",
            "customer_owned_ipv4_pool": "",
            "enable_dns64": false,
            "enable_lni_at_device_index": 0,
            "enable_resource_name_dns_a_record_on_launch": false,
            "enable_resource_name_dns_aaaa_record_on_launch": false,
            "id": "subnet-03da5e4af1831a039",
            "ipv6_cidr_block": "",
            "ipv6_cidr_block_association_id": "",
            "ipv6_native": false,
            "map_customer_owned_ip_on_launch": false,
            "map_public_ip_on_launch": true,
            "outpost_arn": "",
            "owner_id": "489575506572",
            "private_dns_hostname_type_on_launch": "ip-name",
            "region": "eu-west-3",
            "tags": {
              "Environment": "dev",
              "ManagedBy": "Terraform",
              "Name": "wp-rds-public-eu-west-3b",
              "Project": "wp-rds",
              "Tier": "public"
            },
            "tags_all": {
              "Environment": "dev",
              "ManagedBy": "Terraform",
              "Name": "wp-rds-public-eu-west-3b",
              "Project": "wp-rds",
              "Tier": "public"
            },
            "timeouts": null,
            "vpc_id": "vpc-0c1ee9031aa11a29b"
          },
          "sensitive_attributes": [],
          "identity_schema_version": 0,
          "identity": {
            "account_id": "489575506572",
            "id": "subnet-03da5e4af1831a039",
            "region": "eu-west-3"
          },
          "private": "eyJlMmJmYjczMC1lY2FhLTExZTYtOGY4OC0zNDM2M2JjN2M0YzAiOnsiY3JlYXRlIjo2MDAwMDAwMDAwMDAsImRlbGV0ZSI6MTIwMDAwMDAwMDAwMH0sInNjaGVtYV92ZXJzaW9uIjoiMSJ9",
          "dependencies": [
            "module.networking.aws_vpc.main",
            "module.networking.data.aws_availability_zones.available"
          ]
        }
      ]
    },
    {
      "module": "module.networking",
      "mode": "managed",
      "type": "aws_vpc",
      "name": "main",
      "provider": "provider[\"registry.terraform.io/hashicorp/aws\"]",
      "instances": [
        {
          "schema_version": 1,
          "attributes": {
            "arn": "arn:aws:ec2:eu-west-3:489575506572:vpc/vpc-0c1ee9031aa11a29b",
            "assign_generated_ipv6_cidr_block": false,
            "cidr_block": "10.0.0.0/16",
            "default_network_acl_id": "acl-0687b305d85fb5022",
            "default_route_table_id": "rtb-0931d779cc6e7a990",
            "default_security_group_id": "sg-060242fae98119565",
            "dhcp_options_id": "dopt-d00bc8b8",
            "enable_dns_hostnames": true,
            "enable_dns_support": true,
            "enable_network_address_usage_metrics": false,
            "id": "vpc-0c1ee9031aa11a29b",
            "instance_tenancy": "default",
            "ipv4_ipam_pool_id": null,
            "ipv4_netmask_length": null,
            "ipv6_association_id": "",
            "ipv6_cidr_block": "",
            "ipv6_cidr_block_network_border_group": "",
            "ipv6_ipam_pool_id": "",
            "ipv6_netmask_length": 0,
            "main_route_table_id": "rtb-0931d779cc6e7a990",
            "owner_id": "489575506572",
            "region": "eu-west-3",
            "tags": {
              "Environment": "dev",
              "ManagedBy": "Terraform",
              "Name": "wp-rds-vpc",
              "Project": "wp-rds"
            },
            "tags_all": {
              "Environment": "dev",
              "ManagedBy": "Terraform",
              "Name": "wp-rds-vpc",
              "Project": "wp-rds"
            }
          },
          "sensitive_attributes": [],
          "identity_schema_version": 0,
          "identity": {
            "account_id": "489575506572",
            "id": "vpc-0c1ee9031aa11a29b",
            "region": "eu-west-3"
          },
          "private": "eyJzY2hlbWFfdmVyc2lvbiI6IjEifQ=="
        }
      ]
    },
    {
      "module": "module.rds",
      "mode": "managed",
      "type": "aws_db_instance",
      "name": "mysql",
      "provider": "provider[\"registry.terraform.io/hashicorp/aws\"]",
      "instances": [
        {
          "schema_version": 2,
          "attributes": {
            "address": "wp-rds-mysql.clym88igatyf.eu-west-3.rds.amazonaws.com",
            "allocated_storage": 20,
            "allow_major_version_upgrade": null,
            "apply_immediately": false,
            "arn": "arn:aws:rds:eu-west-3:489575506572:db:wp-rds-mysql",
            "auto_minor_version_upgrade": true,
            "availability_zone": "eu-west-3b",
            "backup_retention_period": 7,
            "backup_target": "region",
            "backup_window": "02:00-03:00",
            "blue_green_update": [],
            "ca_cert_identifier": "rds-ca-rsa2048-g1",
            "character_set_name": "",
            "copy_tags_to_snapshot": true,
            "custom_iam_instance_profile": "",
            "customer_owned_ip_enabled": false,
            "database_insights_mode": "standard",
            "db_name": "wordpress",
            "db_subnet_group_name": "wp-rds-rds-private-subnets-c656a2c9",
            "dedicated_log_volume": false,
            "delete_automated_backups": true,
            "deletion_protection": false,
            "domain": "",
            "domain_auth_secret_arn": "",
            "domain_dns_ips": null,
            "domain_fqdn": "",
            "domain_iam_role_name": "",
            "domain_ou": "",
            "enabled_cloudwatch_logs_exports": null,
            "endpoint": "wp-rds-mysql.clym88igatyf.eu-west-3.rds.amazonaws.com:3306",
            "engine": "mysql",
            "engine_lifecycle_support": "open-source-rds-extended-support",
            "engine_version": "8.0",
            "engine_version_actual": "8.0.43",
            "final_snapshot_identifier": "wp-rds-mysql-final-20260119205638",
            "hosted_zone_id": "ZMESEXB7ZGGQ3",
            "iam_database_authentication_enabled": false,
            "id": "db-PJBSGQ7UK5WM4DPAD5PZSAVYRY",
            "identifier": "wp-rds-mysql",
            "identifier_prefix": "",
            "instance_class": "db.t3.micro",
            "iops": 3000,
            "kms_key_id": "arn:aws:kms:eu-west-3:489575506572:key/97e264b0-3758-40ef-b0b1-9256ce1ec946",
            "latest_restorable_time": "2026-01-19T21:09:51Z",
            "license_model": "general-public-license",
            "listener_endpoint": [],
            "maintenance_window": "mon:03:00-mon:04:00",
            "manage_master_user_password": null,
            "master_user_secret": [],
            "master_user_secret_kms_key_id": null,
            "max_allocated_storage": 100,
            "monitoring_interval": 0,
            "monitoring_role_arn": "",
            "multi_az": true,
            "nchar_character_set_name": "",
            "network_type": "IPV4",
            "option_group_name": "default:mysql-8-0",
            "parameter_group_name": "wp-rds-mysql-parameter-group",
            "password": "7BswDI#d%!NV*R%bS0mcZm3G",
            "password_wo": null,
            "password_wo_version": null,
            "performance_insights_enabled": false,
            "performance_insights_kms_key_id": "",
            "performance_insights_retention_period": 0,
            "port": 3306,
            "publicly_accessible": false,
            "region": "eu-west-3",
            "replica_mode": "",
            "replicas": [],
            "replicate_source_db": "",
            "resource_id": "db-PJBSGQ7UK5WM4DPAD5PZSAVYRY",
            "restore_to_point_in_time": [],
            "s3_import": [],
            "skip_final_snapshot": false,
            "snapshot_identifier": null,
            "status": "available",
            "storage_encrypted": true,
            "storage_throughput": 125,
            "storage_type": "gp3",
            "tags": {
              "App": "wordpress",
              "Name": "wp-rds-mysql",
              "Role": "database"
            },
            "tags_all": {
              "App": "wordpress",
              "Name": "wp-rds-mysql",
              "Role": "database"
            },
            "timeouts": null,
            "timezone": "",
            "upgrade_rollout_order": "second",
            "upgrade_storage_config": null,
            "username": "wpuser",
            "vpc_security_group_ids": [
              "sg-0131d0f6d9e773444"
            ]
          },
          "sensitive_attributes": [
            [
              {
                "type": "get_attr",
                "value": "password"
              }
            ],
            [
              {
                "type": "get_attr",
                "value": "password_wo"
              }
            ]
          ],
          "identity_schema_version": 0,
          "private": "eyJlMmJmYjczMC1lY2FhLTExZTYtOGY4OC0zNDM2M2JjN2M0YzAiOnsiY3JlYXRlIjozMDAwMDAwMDAwMDAwLCJkZWxldGUiOjM2MDAwMDAwMDAwMDAsInVwZGF0ZSI6NDgwMDAwMDAwMDAwMH0sInNjaGVtYV92ZXJzaW9uIjoiMiJ9",
          "dependencies": [
            "module.networking.aws_db_subnet_group.this",
            "module.networking.aws_subnet.private",
            "module.networking.aws_vpc.main",
            "module.networking.data.aws_availability_zones.available",
            "module.rds.aws_db_parameter_group.mysql",
            "module.rds.aws_security_group.rds",
            "module.rds.random_password.db",
            "random_id.dbsg"
          ]
        }
      ]
    },
    {
      "module": "module.rds",
      "mode": "managed",
      "type": "aws_db_parameter_group",
      "name": "mysql",
      "provider": "provider[\"registry.terraform.io/hashicorp/aws\"]",
      "instances": [
        {
          "schema_version": 0,
          "attributes": {
            "arn": "arn:aws:rds:eu-west-3:489575506572:pg:wp-rds-mysql-parameter-group",
            "description": "Paramètres MySQL pour WordPress",
            "family": "mysql8.0",
            "id": "wp-rds-mysql-parameter-group",
            "name": "wp-rds-mysql-parameter-group",
            "name_prefix": "",
            "parameter": [
              {
                "apply_method": "immediate",
                "name": "character_set_server",
                "value": "utf8mb4"
              },
              {
                "apply_method": "immediate",
                "name": "collation_server",
                "value": "utf8mb4_unicode_ci"
              }
            ],
            "region": "eu-west-3",
            "skip_destroy": false,
            "tags": null,
            "tags_all": {}
          },
          "sensitive_attributes": [],
          "identity_schema_version": 0,
          "private": "bnVsbA=="
        }
      ]
    },
    {
      "module": "module.rds",
      "mode": "managed",
      "type": "aws_security_group",
      "name": "rds",
      "provider": "provider[\"registry.terraform.io/hashicorp/aws\"]",
      "instances": [
        {
          "schema_version": 1,
          "attributes": {
            "arn": "arn:aws:ec2:eu-west-3:489575506572:security-group/sg-0131d0f6d9e773444",
            "description": "RDS MySQL SG",
            "egress": [
              {
                "cidr_blocks": [
                  "0.0.0.0/0"
                ],
                "description": "",
                "from_port": 0,
                "ipv6_cidr_blocks": [],
                "prefix_list_ids": [],
                "protocol": "-1",
                "security_groups": [],
                "self": false,
                "to_port": 0
              }
            ],
            "id": "sg-0131d0f6d9e773444",
            "ingress": [],
            "name": "wp-rds-rds-sg",
            "name_prefix": "",
            "owner_id": "489575506572",
            "region": "eu-west-3",
            "revoke_rules_on_delete": false,
            "tags": {
              "Name": "wp-rds-rds-sg",
              "Role": "database"
            },
            "tags_all": {
              "Name": "wp-rds-rds-sg",
              "Role": "database"
            },
            "timeouts": null,
            "vpc_id": "vpc-0c1ee9031aa11a29b"
          },
          "sensitive_attributes": [],
          "identity_schema_version": 0,
          "identity": {
            "account_id": "489575506572",
            "id": "sg-0131d0f6d9e773444",
            "region": "eu-west-3"
          },
          "private": "eyJlMmJmYjczMC1lY2FhLTExZTYtOGY4OC0zNDM2M2JjN2M0YzAiOnsiY3JlYXRlIjo2MDAwMDAwMDAwMDAsImRlbGV0ZSI6OTAwMDAwMDAwMDAwfSwic2NoZW1hX3ZlcnNpb24iOiIxIn0=",
          "dependencies": [
            "module.networking.aws_vpc.main"
          ]
        }
      ]
    },
    {
      "module": "module.rds",
      "mode": "managed",
      "type": "aws_security_group_rule",
      "name": "mysql_from_web",
      "provider": "provider[\"registry.terraform.io/hashicorp/aws\"]",
      "instances": [
        {
          "schema_version": 2,
          "attributes": {
            "cidr_blocks": null,
            "description": "MySQL depuis SG Web",
            "from_port": 3306,
            "id": "sgrule-1351483287",
            "ipv6_cidr_blocks": null,
            "prefix_list_ids": null,
            "protocol": "tcp",
            "region": "eu-west-3",
            "security_group_id": "sg-0131d0f6d9e773444",
            "security_group_rule_id": "sgr-03ce29a4a5286f12b",
            "self": false,
            "source_security_group_id": "sg-0bd9109e153cc9396",
            "timeouts": null,
            "to_port": 3306,
            "type": "ingress"
          },
          "sensitive_attributes": [],
          "identity_schema_version": 0,
          "private": "eyJlMmJmYjczMC1lY2FhLTExZTYtOGY4OC0zNDM2M2JjN2M0YzAiOnsiY3JlYXRlIjozMDAwMDAwMDAwMDB9LCJzY2hlbWFfdmVyc2lvbiI6IjIifQ==",
          "dependencies": [
            "module.networking.aws_security_group.web",
            "module.networking.aws_vpc.main",
            "module.rds.aws_security_group.rds"
          ]
        }
      ]
    },
    {
      "module": "module.rds",
      "mode": "managed",
      "type": "random_password",
      "name": "db",
      "provider": "provider[\"registry.terraform.io/hashicorp/random\"]",
      "instances": [
        {
          "schema_version": 3,
          "attributes": {
            "bcrypt_hash": "$2a$10$xsYxa/L3YJ3DiL9RXr.E0O/QKQZts9Yb7tFaJVuNyjDOrJUpaXuYy",
            "id": "none",
            "keepers": null,
            "length": 24,
            "lower": true,
            "min_lower": 0,
            "min_numeric": 0,
            "min_special": 2,
            "min_upper": 0,
            "number": true,
            "numeric": true,
            "override_special": "_%#\u0026*!+-=",
            "result": "7BswDI#d%!NV*R%bS0mcZm3G",
            "special": true,
            "upper": true
          },
          "sensitive_attributes": [
            [
              {
                "type": "get_attr",
                "value": "bcrypt_hash"
              }
            ],
            [
              {
                "type": "get_attr",
                "value": "result"
              }
            ]
          ],
          "identity_schema_version": 0
        }
      ]
    }
  ],
  "check_results": null
}
